
Microsoft Visual Studio Solution File, Format Version 12.00
# Visual Studio Version 17
VisualStudioVersion = 17.1.32407.343
MinimumVisualStudioVersion = 10.0.40219.1
Project("{9A19103F-16F7-4668-BE54-9A1E7A4F7556}") = "AMS.frontend.web", "AMS.frontend.web\AMS.frontend.web.csproj", "{EC967EF8-4133-4678-B66B-3F9B82AD8DB6}"
EndProject
Project("{9A19103F-16F7-4668-BE54-9A1E7A4F7556}") = "ImageConversionUtility", "ImageConversionUtility\ImageConversionUtility.csproj", "{90DAB60C-63F0-4865-B74C-ADDC4ECE612F}"
EndProject
Global
	GlobalSection(SolutionConfigurationPlatforms) = preSolution
		Debug|Any CPU = Debug|Any CPU
		Release|Any CPU = Release|Any CPU
	EndGlobalSection
	GlobalSection(ProjectConfigurationPlatforms) = postSolution
		{EC967EF8-4133-4678-B66B-3F9B82AD8DB6}.Debug|Any CPU.ActiveCfg = Debug|Any CPU
		{EC967EF8-4133-4678-B66B-3F9B82AD8DB6}.Debug|Any CPU.Build.0 = Debug|Any CPU
		{EC967EF8-4133-4678-B66B-3F9B82AD8DB6}.Release|Any CPU.ActiveCfg = Release|Any CPU
		{EC967EF8-4133-4678-B66B-3F9B82AD8DB6}.Release|Any CPU.Build.0 = Release|Any CPU
		{90DAB60C-63F0-4865-B74C-ADDC4ECE612F}.Debug|Any CPU.ActiveCfg = Debug|Any CPU
		{90DAB60C-63F0-4865-B74C-ADDC4ECE612F}.Debug|Any CPU.Build.0 = Debug|Any CPU
		{90DAB60C-63F0-4865-B74C-ADDC4ECE612F}.Release|Any CPU.ActiveCfg = Release|Any CPU
		{90DAB60C-63F0-4865-B74C-ADDC4ECE612F}.Release|Any CPU.Build.0 = Release|Any CPU
	EndGlobalSection
	GlobalSection(SolutionProperties) = preSolution
		HideSolutionNode = FALSE
	EndGlobalSection
	GlobalSection(ExtensibilityGlobals) = postSolution
		SolutionGuid = {5A930E0F-A29A-4FF7-A25B-373C6B330634}
	EndGlobalSection
EndGlobal
